// !$*UTF8*$!
{
	archiveVersion = 1;
	classes = {
	};
	objectVersion = 46;
	objects = {

/* Begin PBXBuildFile section */
		C8C9B15D1C5DA9E9003F1801 /* main.m in Sources */ = {isa = PBXBuildFile; fileRef = C8C9B15C1C5DA9E9003F1801 /* main.m */; };
		C8C9B1601C5DA9E9003F1801 /* AppDelegate.m in Sources */ = {isa = PBXBuildFile; fileRef = C8C9B15F1C5DA9E9003F1801 /* AppDelegate.m */; };
		C8C9B1631C5DA9E9003F1801 /* ViewController.m in Sources */ = {isa = PBXBuildFile; fileRef = C8C9B1621C5DA9E9003F1801 /* ViewController.m */; };
		C8C9B1661C5DA9E9003F1801 /* Main.storyboard in Resources */ = {isa = PBXBuildFile; fileRef = C8C9B1641C5DA9E9003F1801 /* Main.storyboard */; };
		C8C9B1681C5DA9E9003F1801 /* Assets.xcassets in Resources */ = {isa = PBXBuildFile; fileRef = C8C9B1671C5DA9E9003F1801 /* Assets.xcassets */; };
		C8C9B16B1C5DA9E9003F1801 /* LaunchScreen.storyboard in Resources */ = {isa = PBXBuildFile; fileRef = C8C9B1691C5DA9E9003F1801 /* LaunchScreen.storyboard */; };
/* End PBXBuildFile section */

/* Begin PBXFileReference section */
		C8C9B1581C5DA9E9003F1801 /* pengTestGit.app */ = {isa = PBXFileReference; explicitFileType = wrapper.application; includeInIndex = 0; path = pengTestGit.app; sourceTree = BUILT_PRODUCTS_DIR; };
		C8C9B15C1C5DA9E9003F1801 /* main.m */ = {isa = PBXFileReference; lastKnownFileType = sourcecode.c.objc; path = main.m; sourceTree = "<group>"; };
		C8C9B15E1C5DA9E9003F1801 /* AppDelegate.h */ = {isa = PBXFileReference; lastKnownFileType = sourcecode.c.h; path = AppDelegate.h; sourceTree = "<group>"; };
		C8C9B15F1C5DA9E9003F1801 /* AppDelegate.m */ = {isa = PBXFileReference; lastKnownFileType = sourcecode.c.objc; path = AppDelegate.m; sourceTree = "<group>"; };
		C8C9B1611C5DA9E9003F1801 /* ViewController.h */ = {isa = PBXFileReference; lastKnownFileType = sourcecode.c.h; path = ViewController.h; sourceTree = "<group>"; };
		C8C9B1621C5DA9E9003F1801 /* ViewController.m */ = {isa = PBXFileReference; lastKnownFileType = sourcecode.c.objc; path = ViewController.m; sourceTree = "<group>"; };
		C8C9B1651C5DA9E9003F1801 /* Base */ = {isa = PBXFileReference; lastKnownFileType = file.storyboard; name = Base; path = Base.lproj/Main.storyboard; sourceTree = "<group>"; };
		C8C9B1671C5DA9E9003F1801 /* Assets.xcassets */ = {isa = PBXFileReference; lastKnownFileType = folder.assetcatalog; path = Assets.xcassets; sourceTree = "<group>"; };
		C8C9B16A1C5DA9E9003F1801 /* Base */ = {isa = PBXFileReference; lastKnownFileType = file.storyboard; name = Base; path = Base.lproj/LaunchScreen.storyboard; sourceTree = "<group>"; };
		C8C9B16C1C5DA9E9003F1801 /* Info.plist */ = {isa = PBXFileReference; lastKnownFileType = text.plist.xml; path = Info.plist; sourceTree = "<group>"; };
/* End PBXFileReference section */

/* Begin PBXFrameworksBuildPhase section */
		C8C9B1551C5DA9E9003F1801 /* Frameworks */ = {
			isa = PBXFrameworksBuildPhase;
			buildActionMask = 2147483647;
			files = (
			);
			runOnlyForDeploymentPostprocessing = 0;
		};
/* End PBXFrameworksBuildPhase section */

/* Begin PBXGroup section */
		C8C9B14F1C5DA9E9003F1801 = {
			isa = PBXGroup;
			children = (
				C8C9B15A1C5DA9E9003F1801 /* pengTestGit */,
				C8C9B1591C5DA9E9003F1801 /* Products */,
			);
			sourceTree = "<group>";
		};
		C8C9B1591C5DA9E9003F1801 /* Products */ = {
			isa = PBXGroup;
			children = (
				C8C9B1581C5DA9E9003F1801 /* pengTestGit.app */,
			);
			name = Products;
			sourceTree = "<group>";
		};
		C8C9B15A1C5DA9E9003F1801 /* pengTestGit */ = {
			isa = PBXGroup;
			children = (
				C8C9B15E1C5DA9E9003F1801 /* AppDelegate.h */,
				C8C9B15F1C5DA9E9003F1801 /* AppDelegate.m */,
				C8C9B1611C5DA9E9003F1801 /* ViewController.h */,
				C8C9B1621C5DA9E9003F1801 /* ViewController.m */,
				C8C9B1641C5DA9E9003F1801 /* Main.storyboard */,
				C8C9B1671C5DA9E9003F1801 /* Assets.xcassets */,
				C8C9B1691C5DA9E9003F1801 /* LaunchScreen.storyboard */,
				C8C9B16C1C5DA9E9003F1801 /* Info.plist */,
				C8C9B15B1C5DA9E9003F1801 /* Supporting Files */,
			);
			path = pengTestGit;
			sourceTree = "<group>";
		};
		C8C9B15B1C5DA9E9003F1801 /* Supporting Files */ = {
			isa = PBXGroup;
			children = (
				C8C9B15C1C5DA9E9003F1801 /* main.m */,
			);
			name = "Supporting Files";
			sourceTree = "<group>";
		};
/* End PBXGroup section */

/* Begin PBXNativeTarget section */
		C8C9B1571C5DA9E9003F1801 /* pengTestGit */ = {
			isa = PBXNativeTarget;
			buildConfigurationList = C8C9B16F1C5DA9E9003F1801 /* Build configuration list for PBXNativeTarget "pengTestGit" */;
			buildPhases = (
				C8C9B1541C5DA9E9003F1801 /* Sources */,
				C8C9B1551C5DA9E9003F1801 /* Frameworks */,
				C8C9B1561C5DA9E9003F1801 /* Resources */,
			);
			buildRules = (
			);
			dependencies = (
			);
			name = pengTestGit;
			productName = pengTestGit;
			productReference = C8C9B1581C5DA9E9003F1801 /* pengTestGit.app */;
			productType = "com.apple.product-type.application";
		};
/* End PBXNativeTarget section */

/* Begin PBXProject section */
		C8C9B1501C5DA9E9003F1801 /* Project object */ = {
			isa = PBXProject;
			attributes = {
				LastUpgradeCheck = 0720;
				ORGANIZATIONNAME = hengfu;
				TargetAttributes = {
					C8C9B1571C5DA9E9003F1801 = {
						CreatedOnToolsVersion = 7.2;
					};
				};
			};
			buildConfigurationList = C8C9B1531C5DA9E9003F1801 /* Build configuration list for PBXProject "pengTestGit" */;
			compatibilityVersion = "Xcode 3.2";
			developmentRegion = English;
			hasScannedForEncodings = 0;
			knownRegions = (
				en,
				Base,
			);
			mainGroup = C8C9B14F1C5DA9E9003F1801;
			productRefGroup = C8C9B1591C5DA9E9003F1801 /* Products */;
			projectDirPath = "";
			projectRoot = "";
			targets = (
				C8C9B1571C5DA9E9003F1801 /* pengTestGit */,
			);
		};
/* End PBXProject section */

/* Begin PBXResourcesBuildPhase section */
		C8C9B1561C5DA9E9003F1801 /* Resources */ = {
			isa = PBXResourcesBuildPhase;
			buildActionMask = 2147483647;
			files = (
				C8C9B16B1C5DA9E9003F1801 /* LaunchScreen.storyboard in Resources */,
				C8C9B1681C5DA9E9003F1801 /* Assets.xcassets in Resources */,
				C8C9B1661C5DA9E9003F1801 /* Main.storyboard in Resources */,
			);
			runOnlyForDeploymentPostprocessing = 0;
		};
/* End PBXResourcesBuildPhase section */

/* Begin PBXSourcesBuildPhase section */
		C8C9B1541C5DA9E9003F1801 /* Sources */ = {
			isa = PBXSourcesBuildPhase;
			buildActionMask = 2147483647;
			files = (
				C8C9B1631C5DA9E9003F1801 /* ViewController.m in Sources */,
				C8C9B1601C5DA9E9003F1801 /* AppDelegate.m in Sources */,
				C8C9B15D1C5DA9E9003F1801 /* main.m in Sources */,
			);
			runOnlyForDeploymentPostprocessing = 0;
		};
/* End PBXSourcesBuildPhase section */

/* Begin PBXVariantGroup section */
		C8C9B1641C5DA9E9003F1801 /* Main.storyboard */ = {
			isa = PBXVariantGroup;
			children = (
				C8C9B1651C5DA9E9003F1801 /* Base */,
			);
			name = Main.storyboard;
			sourceTree = "<group>";
		};
		C8C9B1691C5DA9E9003F1801 /* LaunchScreen.storyboard */ = {
			isa = PBXVariantGroup;
			children = (
				C8C9B16A1C5DA9E9003F1801 /* Base */,
			);
			name = LaunchScreen.storyboard;
			sourceTree = "<group>";
		};
/* End PBXVariantGroup section */

/* Begin XCBuildConfiguration section */
		C8C9B16D1C5DA9E9003F1801 /* Debug */ = {
			isa = XCBuildConfiguration;
			buildSettings = {
				ALWAYS_SEARCH_USER_PATHS = NO;
				CLANG_CXX_LANGUAGE_STANDARD = "gnu++0x";
				CLANG_CXX_LIBRARY = "libc++";
				CLANG_ENABLE_MODULES = YES;
				CLANG_ENABLE_OBJC_ARC = YES;
				CLANG_WARN_BOOL_CONVERSION = YES;
				CLANG_WARN_CONSTANT_CONVERSION = YES;
				CLANG_WARN_DIRECT_OBJC_ISA_USAGE = YES_ERROR;
				CLANG_WARN_EMPTY_BODY = YES;
				CLANG_WARN_ENUM_CONVERSION = YES;
				CLANG_WARN_INT_CONVERSION = YES;
				CLANG_WARN_OBJC_ROOT_CLASS = YES_ERROR;
				CLANG_WARN_UNREACHABLE_CODE = YES;
				CLANG_WARN__DUPLICATE_METHOD_MATCH = YES;
				"CODE_SIGN_IDENTITY[sdk=iphoneos*]" = "iPhone Developer";
				COPY_PHASE_STRIP = NO;
				DEBUG_INFORMATION_FORMAT = dwarf;
				ENABLE_STRICT_OBJC_MSGSEND = YES;
				ENABLE_TESTABILITY = YES;
				GCC_C_LANGUAGE_STANDARD = gnu99;
				GCC_DYNAMIC_NO_PIC = NO;
				GCC_NO_COMMON_BLOCKS = YES;
				GCC_OPTIMIZATION_LEVEL = 0;
				GCC_PREPROCESSOR_DEFINITIONS = (
					"DEBUG=1",
					"$(inherited)",
				);
				GCC_WARN_64_TO_32_BIT_CONVERSION = YES;
				GCC_WARN_ABOUT_RETURN_TYPE = YES_ERROR;
				GCC_WARN_UNDECLARED_SELECTOR = YES;
				GCC_WARN_UNINITIALIZED_AUTOS = YES_AGGRESSIVE;
				GCC_WARN_UNUSED_FUNCTION = YES;
				GCC_WARN_UNUSED_VARIABLE = YES;
				IPHONEOS_DEPLOYMENT_TARGET = 9.2;
				MTL_ENABLE_DEBUG_INFO = YES;
				ONLY_ACTIVE_ARCH = YES;
				SDKROOT = iphoneos;
				TARGETED_DEVICE_FAMILY = "1,2";
			};
			name = Debug;
		};
		C8C9B16E1C5DA9E9003F1801 /* Release */ = {
			isa = XCBuildConfiguration;
			buildSettings = {
				ALWAYS_SEARCH_USER_PATHS = NO;
				CLANG_CXX_LANGUAGE_STANDARD = "gnu++0x";
				CLANG_CXX_LIBRARY = "libc++";
				CLANG_ENABLE_MODULES = YES;
				CLANG_ENABLE_OBJC_ARC = YES;
				CLANG_WARN_BOOL_CONVERSION = YES;
				CLANG_WARN_CONSTANT_CONVERSION = YES;
				CLANG_WARN_DIRECT_OBJC_ISA_USAGE = YES_ERROR;
				CLANG_WARN_EMPTY_BODY = YES;
				CLANG_WARN_ENUM_CONVERSION = YES;
				CLANG_WARN_INT_CONVERSION = YES;
				CLANG_WARN_OBJC_ROOT_CLASS = YES_ERROR;
				CLANG_WARN_UNREACHABLE_CODE = YES;
				CLANG_WARN__DUPLICATE_METHOD_MATCH = YES;
				"CODE_SIGN_IDENTITY[sdk=iphoneos*]" = "iPhone Developer";
				COPY_PHASE_STRIP = NO;
				DEBUG_INFORMATION_FORMAT = "dwarf-with-dsym";
				ENABLE_NS_ASSERTIONS = NO;
				ENABLE_STRICT_OBJC_MSGSEND = YES;
				GCC_C_LANGUAGE_STANDARD = gnu99;
				GCC_NO_COMMON_BLOCKS = YES;
				GCC_WARN_64_TO_32_BIT_CONVERSION = YES;
				GCC_WARN_ABOUT_RETURN_TYPE = YES_ERROR;
				GCC_WARN_UNDECLARED_SELECTOR = YES;
				GCC_WARN_UNINITIALIZED_AUTOS = YES_AGGRESSIVE;
				GCC_WARN_UNUSED_FUNCTION = YES;
				GCC_WARN_UNUSED_VARIABLE = YES;
				IPHONEOS_DEPLOYMENT_TARGET = 9.2;
				MTL_ENABLE_DEBUG_INFO = NO;
				SDKROOT = iphoneos;
				TARGETED_DEVICE_FAMILY = "1,2";
				VALIDATE_PRODUCT = YES;
			};
			name = Release;
		};
		C8C9B1701C5DA9E9003F1801 /* Debug */ = {
			isa = XCBuildConfiguration;
			buildSettings = {
				ASSETCATALOG_COMPILER_APPICON_NAME = AppIcon;
				INFOPLIST_FILE = pengTestGit/Info.plist;
				LD_RUNPATH_SEARCH_PATHS = "$(inherited) @executable_path/Frameworks";
				PRODUCT_BUNDLE_IDENTIFIER = peng.pengTestGit;
				PRODUCT_NAME = "$(TARGET_NAME)";
			};
			name = Debug;
		};
		C8C9B1711C5DA9E9003F1801 /* Release */ = {
			isa = XCBuildConfiguration;
			buildSettings = {
				ASSETCATALOG_COMPILER_APPICON_NAME = AppIcon;
				INFOPLIST_FILE = pengTestGit/Info.plist;
				LD_RUNPATH_SEARCH_PATHS = "$(inherited) @executable_path/Frameworks";
				PRODUCT_BUNDLE_IDENTIFIER = peng.pengTestGit;
				PRODUCT_NAME = "$(TARGET_NAME)";
			};
			name = Release;
		};
/* End XCBuildConfiguration section */

/* Begin XCConfigurationList section */
		C8C9B1531C5DA9E9003F1801 /* Build configuration list for PBXProject "pengTestGit" */ = {
			isa = XCConfigurationList;
			buildConfigurations = (
				C8C9B16D1C5DA9E9003F1801 /* Debug */,
				C8C9B16E1C5DA9E9003F1801 /* Release */,
			);
			defaultConfigurationIsVisible = 0;
			defaultConfigurationName = Release;
		};
		C8C9B16F1C5DA9E9003F1801 /* Build configuration list for PBXNativeTarget "pengTestGit" */ = {
			isa = XCConfigurationList;
			buildConfigurations = (
				C8C9B1701C5DA9E9003F1801 /* Debug */,
				C8C9B1711C5DA9E9003F1801 /* Release */,
			);
			defaultConfigurationIsVisible = 0;
		};
/* End XCConfigurationList section */
	};
	rootObject = C8C9B1501C5DA9E9003F1801 /* Project object */;
}
